
Microsoft Visual Studio Solution File, Format Version 12.00
# Visual Studio Version 17
VisualStudioVersion = 17.6.33723.286
MinimumVisualStudioVersion = 10.0.40219.1
Project("{FAE04EC0-301F-11D3-BF4B-00C04F79EFBC}") = "ruangou_8", "ruangou_8\ruangou_8.csproj", "{C673FC97-22A3-4EAC-858B-8F2348B9AF8B}"
EndProject
Global
	GlobalSection(SolutionConfigurationPlatforms) = preSolution
		Debug|Any CPU = Debug|Any CPU
		Release|Any CPU = Release|Any CPU
	EndGlobalSection
	GlobalSection(ProjectConfigurationPlatforms) = postSolution
		{C673FC97-22A3-4EAC-858B-8F2348B9AF8B}.Debug|Any CPU.ActiveCfg = Debug|Any CPU
		{C673FC97-22A3-4EAC-858B-8F2348B9AF8B}.Debug|Any CPU.Build.0 = Debug|Any CPU
		{C673FC97-22A3-4EAC-858B-8F2348B9AF8B}.Release|Any CPU.ActiveCfg = Release|Any CPU
		{C673FC97-22A3-4EAC-858B-8F2348B9AF8B}.Release|Any CPU.Build.0 = Release|Any CPU
	EndGlobalSection
	GlobalSection(SolutionProperties) = preSolution
		HideSolutionNode = FALSE
	EndGlobalSection
	GlobalSection(ExtensibilityGlobals) = postSolution
		SolutionGuid = {E2E6DB37-77A4-461C-AEDB-356072B800A0}
	EndGlobalSection
EndGlobal
