
Microsoft Visual Studio Solution File, Format Version 12.00
# Visual Studio Version 17
VisualStudioVersion = 17.6.33723.286
MinimumVisualStudioVersion = 10.0.40219.1
Project("{FAE04EC0-301F-11D3-BF4B-00C04F79EFBC}") = "ruangou_1_1", "ruangou_1_1.csproj", "{703EE81D-872F-43D4-B40D-F26C16FE63FB}"
EndProject
Global
	GlobalSection(SolutionConfigurationPlatforms) = preSolution
		Debug|Any CPU = Debug|Any CPU
		Release|Any CPU = Release|Any CPU
	EndGlobalSection
	GlobalSection(ProjectConfigurationPlatforms) = postSolution
		{703EE81D-872F-43D4-B40D-F26C16FE63FB}.Debug|Any CPU.ActiveCfg = Debug|Any CPU
		{703EE81D-872F-43D4-B40D-F26C16FE63FB}.Debug|Any CPU.Build.0 = Debug|Any CPU
		{703EE81D-872F-43D4-B40D-F26C16FE63FB}.Release|Any CPU.ActiveCfg = Release|Any CPU
		{703EE81D-872F-43D4-B40D-F26C16FE63FB}.Release|Any CPU.Build.0 = Release|Any CPU
	EndGlobalSection
	GlobalSection(SolutionProperties) = preSolution
		HideSolutionNode = FALSE
	EndGlobalSection
	GlobalSection(ExtensibilityGlobals) = postSolution
		SolutionGuid = {B13FA305-742D-4A25-983C-515DA48A24FA}
	EndGlobalSection
EndGlobal
