
Microsoft Visual Studio Solution File, Format Version 12.00
# Visual Studio Version 17
VisualStudioVersion = 17.6.33723.286
MinimumVisualStudioVersion = 10.0.40219.1
Project("{FAE04EC0-301F-11D3-BF4B-00C04F79EFBC}") = "ruangou_3_1", "ruangou_3_1\ruangou_3_1.csproj", "{C9B7B89C-B54E-483C-B0C8-17ACFCAFB5CF}"
EndProject
Project("{FAE04EC0-301F-11D3-BF4B-00C04F79EFBC}") = "ruangou_3_2", "ruangou_3_2\ruangou_3_2.csproj", "{9022E8CA-C85A-425F-ADBF-627A95C4BD1D}"
EndProject
Global
	GlobalSection(SolutionConfigurationPlatforms) = preSolution
		Debug|Any CPU = Debug|Any CPU
		Release|Any CPU = Release|Any CPU
	EndGlobalSection
	GlobalSection(ProjectConfigurationPlatforms) = postSolution
		{C9B7B89C-B54E-483C-B0C8-17ACFCAFB5CF}.Debug|Any CPU.ActiveCfg = Debug|Any CPU
		{C9B7B89C-B54E-483C-B0C8-17ACFCAFB5CF}.Debug|Any CPU.Build.0 = Debug|Any CPU
		{C9B7B89C-B54E-483C-B0C8-17ACFCAFB5CF}.Release|Any CPU.ActiveCfg = Release|Any CPU
		{C9B7B89C-B54E-483C-B0C8-17ACFCAFB5CF}.Release|Any CPU.Build.0 = Release|Any CPU
		{9022E8CA-C85A-425F-ADBF-627A95C4BD1D}.Debug|Any CPU.ActiveCfg = Debug|Any CPU
		{9022E8CA-C85A-425F-ADBF-627A95C4BD1D}.Debug|Any CPU.Build.0 = Debug|Any CPU
		{9022E8CA-C85A-425F-ADBF-627A95C4BD1D}.Release|Any CPU.ActiveCfg = Release|Any CPU
		{9022E8CA-C85A-425F-ADBF-627A95C4BD1D}.Release|Any CPU.Build.0 = Release|Any CPU
	EndGlobalSection
	GlobalSection(SolutionProperties) = preSolution
		HideSolutionNode = FALSE
	EndGlobalSection
	GlobalSection(ExtensibilityGlobals) = postSolution
		SolutionGuid = {58C6ED69-63B9-4175-8C8A-6A55BB475AD9}
	EndGlobalSection
EndGlobal
